
Microsoft Visual Studio Solution File, Format Version 12.00
# Visual Studio 15
VisualStudioVersion = 15.0.28307.572
MinimumVisualStudioVersion = 10.0.40219.1
Project("{FAE04EC0-301F-11D3-BF4B-00C04F79EFBC}") = "ConnectExtentionChrome", "ConnectExtentionChrome\ConnectExtentionChrome.csproj", "{F02D96C3-5E17-41A4-9973-3CE72073FA34}"
EndProject
Global
	GlobalSection(SolutionConfigurationPlatforms) = preSolution
		Debug|Any CPU = Debug|Any CPU
		Release|Any CPU = Release|Any CPU
	EndGlobalSection
	GlobalSection(ProjectConfigurationPlatforms) = postSolution
		{F02D96C3-5E17-41A4-9973-3CE72073FA34}.Debug|Any CPU.ActiveCfg = Debug|Any CPU
		{F02D96C3-5E17-41A4-9973-3CE72073FA34}.Debug|Any CPU.Build.0 = Debug|Any CPU
		{F02D96C3-5E17-41A4-9973-3CE72073FA34}.Release|Any CPU.ActiveCfg = Release|Any CPU
		{F02D96C3-5E17-41A4-9973-3CE72073FA34}.Release|Any CPU.Build.0 = Release|Any CPU
	EndGlobalSection
	GlobalSection(SolutionProperties) = preSolution
		HideSolutionNode = FALSE
	EndGlobalSection
	GlobalSection(ExtensibilityGlobals) = postSolution
		SolutionGuid = {F5B4DF91-7B22-4D37-BA57-FFAB97195718}
	EndGlobalSection
EndGlobal
